<?xml version="1.0" encoding="utf-8"?>
<Project ToolsVersion="4.0" xmlns="http://schemas.microsoft.com/developer/msbuild/2003">
  <ItemGroup>
    <Filter Include="Source Files">
      <UniqueIdentifier>{4FC737F1-C7A5-4376-A066-2A32D752A2FF}</UniqueIdentifier>
      <Extensions>cpp;c;cc;cxx;c++;cppm;ixx;def;odl;idl;hpj;bat;asm;asmx</Extensions>
    </Filter>
    <Filter Include="Header Files">
      <UniqueIdentifier>{93995380-89BD-4b04-88EB-625FBE52EBFB}</UniqueIdentifier>
      <Extensions>h;hh;hpp;hxx;h++;hm;inl;inc;ipp;xsd</Extensions>
    </Filter>
    <Filter Include="Resource Files">
      <UniqueIdentifier>{67DA6AB6-F800-4c08-8B7A-83BB121AAD01}</UniqueIdentifier>
      <Extensions>rc;ico;cur;bmp;dlg;rc2;rct;bin;rgs;gif;jpg;jpeg;jpe;resx;tiff;tif;png;wav;mfcribbon-ms</Extensions>
    </Filter>
    <Filter Include="Source Files\Game">
      <UniqueIdentifier>{e7e65ed0-3c90-4239-a3bf-b03d6d9f181d}</UniqueIdentifier>
    </Filter>
    <Filter Include="Source Files\Utils">
      <UniqueIdentifier>{e0d94eff-15c4-4c48-9d36-6cd99e4bd656}</UniqueIdentifier>
    </Filter>
  </ItemGroup>
  <ItemGroup>
    <ClCompile Include="Source\main.cpp">
      <Filter>Source Files</Filter>
    </ClCompile>
    <ClCompile Include="Dependencies\glad\src\glad.c">
      <Filter>Source Files</Filter>
    </ClCompile>
    <ClCompile Include="Source\Game\BallObject.cpp">
      <Filter>Source Files\Game</Filter>
    </ClCompile>
    <ClCompile Include="Source\Game\GameLevel.cpp">
      <Filter>Source Files\Game</Filter>
    </ClCompile>
    <ClCompile Include="Source\Game\GameObject.cpp">
      <Filter>Source Files\Game</Filter>
    </ClCompile>
    <ClCompile Include="Source\Game.cpp">
      <Filter>Source Files</Filter>
    </ClCompile>
    <ClCompile Include="Source\Utils\ResourceManager.cpp">
      <Filter>Source Files\Utils</Filter>
    </ClCompile>
    <ClCompile Include="Source\Utils\Shader.cpp">
      <Filter>Source Files\Utils</Filter>
    </ClCompile>
    <ClCompile Include="Source\Utils\SpriteRenderer.cpp">
      <Filter>Source Files\Utils</Filter>
    </ClCompile>
    <ClCompile Include="Source\Utils\Texture.cpp">
      <Filter>Source Files\Utils</Filter>
    </ClCompile>
    <ClCompile Include="Source\Utils\ParticleGenerator.cpp">
      <Filter>Source Files\Utils</Filter>
    </ClCompile>
    <ClCompile Include="Source\Utils\PostProcessor.cpp">
      <Filter>Source Files\Utils</Filter>
    </ClCompile>
    <ClCompile Include="Source\Game\Powerup.cpp">
      <Filter>Source Files\Game</Filter>
    </ClCompile>
    <ClCompile Include="Source\Utils\TextRenderer.cpp">
      <Filter>Source Files\Utils</Filter>
    </ClCompile>
  </ItemGroup>
  <ItemGroup>
    <ClInclude Include="Dependencies\glad\include\glad\glad.h">
      <Filter>Header Files</Filter>
    </ClInclude>
    <ClInclude Include="Source\Game\BallObject.h">
      <Filter>Source Files\Game</Filter>
    </ClInclude>
    <ClInclude Include="Source\Game\GameLevel.h">
      <Filter>Source Files\Game</Filter>
    </ClInclude>
    <ClInclude Include="Source\Game\GameObject.h">
      <Filter>Source Files\Game</Filter>
    </ClInclude>
    <ClInclude Include="Source\Game.h">
      <Filter>Source Files</Filter>
    </ClInclude>
    <ClInclude Include="Source\Utils\ResourceManager.h">
      <Filter>Source Files\Utils</Filter>
    </ClInclude>
    <ClInclude Include="Source\Utils\Shader.h">
      <Filter>Source Files\Utils</Filter>
    </ClInclude>
    <ClInclude Include="Source\Utils\SpriteRenderer.h">
      <Filter>Source Files\Utils</Filter>
    </ClInclude>
    <ClInclude Include="Source\Utils\stb_image.h">
      <Filter>Source Files\Utils</Filter>
    </ClInclude>
    <ClInclude Include="Source\Utils\Texture.h">
      <Filter>Source Files\Utils</Filter>
    </ClInclude>
    <ClInclude Include="Source\Utils\ParticleGenerator.h">
      <Filter>Source Files\Utils</Filter>
    </ClInclude>
    <ClInclude Include="Source\Utils\PostProcessor.h">
      <Filter>Source Files\Utils</Filter>
    </ClInclude>
    <ClInclude Include="Source\Game\Powerup.h">
      <Filter>Source Files\Game</Filter>
    </ClInclude>
    <ClInclude Include="Source\Utils\TextRenderer.h">
      <Filter>Source Files\Utils</Filter>
    </ClInclude>
    <ClInclude Include="Dependencies\freetype-2.14.1\include\ft2build.h">
      <Filter>Source Files</Filter>
    </ClInclude>
  </ItemGroup>
</Project>